
Microsoft Visual Studio Solution File, Format Version 12.00
# Visual Studio Version 17
VisualStudioVersion = 17.10.35013.160
MinimumVisualStudioVersion = 10.0.40219.1
Project("{FAE04EC0-301F-11D3-BF4B-00C04F79EFBC}") = "LSMOne", "LSMOne\LSMOne.csproj", "{A9C0CC57-122B-48AF-B394-2D07D2E225DE}"
EndProject
Global
	GlobalSection(SolutionConfigurationPlatforms) = preSolution
		Debug|Any CPU = Debug|Any CPU
		Release|Any CPU = Release|Any CPU
	EndGlobalSection
	GlobalSection(ProjectConfigurationPlatforms) = postSolution
		{A9C0CC57-122B-48AF-B394-2D07D2E225DE}.Debug|Any CPU.ActiveCfg = Debug|Any CPU
		{A9C0CC57-122B-48AF-B394-2D07D2E225DE}.Debug|Any CPU.Build.0 = Debug|Any CPU
		{A9C0CC57-122B-48AF-B394-2D07D2E225DE}.Release|Any CPU.ActiveCfg = Release|Any CPU
		{A9C0CC57-122B-48AF-B394-2D07D2E225DE}.Release|Any CPU.Build.0 = Release|Any CPU
	EndGlobalSection
	GlobalSection(SolutionProperties) = preSolution
		HideSolutionNode = FALSE
	EndGlobalSection
	GlobalSection(ExtensibilityGlobals) = postSolution
		SolutionGuid = {5A13F872-6D9B-475E-BD6E-54BF8E02DD0E}
	EndGlobalSection
EndGlobal
